
Microsoft Visual Studio Solution File, Format Version 10.00
# Visual Web Developer Express 2008
Project("{F184B08F-C81C-45F6-A57F-5ABD9991F28F}") = "YYC Web App", "YYC Web App\YYC Web App.vbproj", "{A16472D5-E21D-4F29-A12B-E46F90060472}"
EndProject
Global
	GlobalSection(SolutionConfigurationPlatforms) = preSolution
		Debug|Any CPU = Debug|Any CPU
		Release|Any CPU = Release|Any CPU
	EndGlobalSection
	GlobalSection(ProjectConfigurationPlatforms) = postSolution
		{A16472D5-E21D-4F29-A12B-E46F90060472}.Debug|Any CPU.ActiveCfg = Debug|Any CPU
		{A16472D5-E21D-4F29-A12B-E46F90060472}.Debug|Any CPU.Build.0 = Debug|Any CPU
		{A16472D5-E21D-4F29-A12B-E46F90060472}.Release|Any CPU.ActiveCfg = Release|Any CPU
		{A16472D5-E21D-4F29-A12B-E46F90060472}.Release|Any CPU.Build.0 = Release|Any CPU
	EndGlobalSection
	GlobalSection(SolutionProperties) = preSolution
		HideSolutionNode = FALSE
	EndGlobalSection
EndGlobal
